
Microsoft Visual Studio Solution File, Format Version 12.00
# Visual Studio Version 17
VisualStudioVersion = 17.4.33205.214
MinimumVisualStudioVersion = 10.0.40219.1
Project("{FAE04EC0-301F-11D3-BF4B-00C04F79EFBC}") = "NumberGen", "NumberGen\NumberGen.csproj", "{3438C630-E48F-408B-BB14-9FDB0D2D9F6B}"
EndProject
Global
	GlobalSection(SolutionConfigurationPlatforms) = preSolution
		Debug|Any CPU = Debug|Any CPU
		Release|Any CPU = Release|Any CPU
	EndGlobalSection
	GlobalSection(ProjectConfigurationPlatforms) = postSolution
		{3438C630-E48F-408B-BB14-9FDB0D2D9F6B}.Debug|Any CPU.ActiveCfg = Debug|Any CPU
		{3438C630-E48F-408B-BB14-9FDB0D2D9F6B}.Debug|Any CPU.Build.0 = Debug|Any CPU
		{3438C630-E48F-408B-BB14-9FDB0D2D9F6B}.Release|Any CPU.ActiveCfg = Release|Any CPU
		{3438C630-E48F-408B-BB14-9FDB0D2D9F6B}.Release|Any CPU.Build.0 = Release|Any CPU
	EndGlobalSection
	GlobalSection(SolutionProperties) = preSolution
		HideSolutionNode = FALSE
	EndGlobalSection
	GlobalSection(ExtensibilityGlobals) = postSolution
		SolutionGuid = {2CCA8F51-6FB6-47A2-B314-3D139D3362B4}
	EndGlobalSection
EndGlobal
